
Microsoft Visual Studio Solution File, Format Version 12.00
# Visual Studio Version 17
VisualStudioVersion = 17.10.35013.160
MinimumVisualStudioVersion = 10.0.40219.1
Project("{FAE04EC0-301F-11D3-BF4B-00C04F79EFBC}") = "A_1009_PBO_pr", "A_1009_PBO_pr\A_1009_PBO_pr.csproj", "{852C626D-0EEE-4C67-885E-F345A07C1852}"
EndProject
Global
	GlobalSection(SolutionConfigurationPlatforms) = preSolution
		Debug|Any CPU = Debug|Any CPU
		Release|Any CPU = Release|Any CPU
	EndGlobalSection
	GlobalSection(ProjectConfigurationPlatforms) = postSolution
		{852C626D-0EEE-4C67-885E-F345A07C1852}.Debug|Any CPU.ActiveCfg = Debug|Any CPU
		{852C626D-0EEE-4C67-885E-F345A07C1852}.Debug|Any CPU.Build.0 = Debug|Any CPU
		{852C626D-0EEE-4C67-885E-F345A07C1852}.Release|Any CPU.ActiveCfg = Release|Any CPU
		{852C626D-0EEE-4C67-885E-F345A07C1852}.Release|Any CPU.Build.0 = Release|Any CPU
	EndGlobalSection
	GlobalSection(SolutionProperties) = preSolution
		HideSolutionNode = FALSE
	EndGlobalSection
	GlobalSection(ExtensibilityGlobals) = postSolution
		SolutionGuid = {3AA827E7-EF25-487F-9D15-F9F9EE5B9312}
	EndGlobalSection
EndGlobal
